<?xml version="1.0" encoding="utf-8"?>
<Project ToolsVersion="4.0" xmlns="http://schemas.microsoft.com/developer/msbuild/2003">
  <ItemGroup>
    <Filter Include="Source Files">
      <UniqueIdentifier>{4FC737F1-C7A5-4376-A066-2A32D752A2FF}</UniqueIdentifier>
      <Extensions>cpp;c;cc;cxx;def;odl;idl;hpj;bat;asm;asmx</Extensions>
    </Filter>
    <Filter Include="Header Files">
      <UniqueIdentifier>{93995380-89BD-4b04-88EB-625FBE52EBFB}</UniqueIdentifier>
      <Extensions>h;hpp;hxx;hm;inl;inc;xsd</Extensions>
    </Filter>
  </ItemGroup>
  <ItemGroup>
    <ClCompile Include="ApplicationSerializer.cpp">
      <Filter>Source Files</Filter>
    </ClCompile>
    <ClCompile Include="ByteStream.cpp">
      <Filter>Source Files</Filter>
    </ClCompile>
    <ClCompile Include="CommandData.cpp">
      <Filter>Source Files</Filter>
    </ClCompile>
    <ClCompile Include="CounterData.cpp">
      <Filter>Source Files</Filter>
    </ClCompile>
    <ClCompile Include="Crc32.cpp">
      <Filter>Source Files</Filter>
    </ClCompile>
    <ClCompile Include="CriticalSection.cpp">
      <Filter>Source Files</Filter>
    </ClCompile>
    <ClCompile Include="Debug.cpp">
      <Filter>Source Files</Filter>
    </ClCompile>
    <ClCompile Include="Device.cpp">
      <Filter>Source Files</Filter>
    </ClCompile>
    <ClCompile Include="DigitalSignature.cpp">
      <Filter>Source Files</Filter>
    </ClCompile>
    <ClCompile Include="File.cpp">
      <Filter>Source Files</Filter>
    </ClCompile>
    <ClCompile Include="LockManager.cpp">
      <Filter>Source Files</Filter>
    </ClCompile>
    <ClCompile Include="MessageFactory.cpp">
      <Filter>Source Files</Filter>
    </ClCompile>
    <ClCompile Include="MessageHeader.cpp">
      <Filter>Source Files</Filter>
    </ClCompile>
    <ClCompile Include="MetaData.cpp">
      <Filter>Source Files</Filter>
    </ClCompile>
    <ClCompile Include="ndldiffc.c">
      <Filter>Source Files</Filter>
    </ClCompile>
    <ClCompile Include="Parameter.cpp">
      <Filter>Source Files</Filter>
    </ClCompile>
    <ClCompile Include="ParameterMetaData.cpp">
      <Filter>Source Files</Filter>
    </ClCompile>
    <ClCompile Include="RegionOfInterest.cpp">
      <Filter>Source Files</Filter>
    </ClCompile>
    <ClCompile Include="ScaData.cpp">
      <Filter>Source Files</Filter>
    </ClCompile>
    <ClCompile Include="SerializableObject.cpp">
      <Filter>Source Files</Filter>
    </ClCompile>
    <ClCompile Include="Serializer.cpp">
      <Filter>Source Files</Filter>
    </ClCompile>
    <ClCompile Include="Socket.cpp">
      <Filter>Source Files</Filter>
    </ClCompile>
    <ClCompile Include="SpectralData.cpp">
      <Filter>Source Files</Filter>
    </ClCompile>
    <ClCompile Include="Spectrum.cpp">
      <Filter>Source Files</Filter>
    </ClCompile>
    <ClCompile Include="StateOfHealth.cpp">
      <Filter>Source Files</Filter>
    </ClCompile>
    <ClCompile Include="StreamChannel.cpp">
      <Filter>Source Files</Filter>
    </ClCompile>
    <ClCompile Include="String.cpp">
      <Filter>Source Files</Filter>
    </ClCompile>
    <ClCompile Include="Task.cpp">
      <Filter>Source Files</Filter>
    </ClCompile>
    <ClCompile Include="TcpClient.cpp">
      <Filter>Source Files</Filter>
    </ClCompile>
    <ClCompile Include="TcpSocket.cpp">
      <Filter>Source Files</Filter>
    </ClCompile>
    <ClCompile Include="Thread.cpp">
      <Filter>Source Files</Filter>
    </ClCompile>
    <ClCompile Include="Time.cpp">
      <Filter>Source Files</Filter>
    </ClCompile>
    <ClCompile Include="Variant.cpp">
      <Filter>Source Files</Filter>
    </ClCompile>
    <ClCompile Include="VariantArray.cpp">
      <Filter>Source Files</Filter>
    </ClCompile>
    <ClCompile Include="VariantSerializer.cpp">
      <Filter>Source Files</Filter>
    </ClCompile>
  </ItemGroup>
  <ItemGroup>
    <ClInclude Include="ApplicationSerializer.h">
      <Filter>Header Files</Filter>
    </ClInclude>
    <ClInclude Include="ByteStream.h">
      <Filter>Header Files</Filter>
    </ClInclude>
    <ClInclude Include="ChannelSettings.h">
      <Filter>Header Files</Filter>
    </ClInclude>
    <ClInclude Include="CommandCodes.h">
      <Filter>Header Files</Filter>
    </ClInclude>
    <ClInclude Include="CommandData.h">
      <Filter>Header Files</Filter>
    </ClInclude>
    <ClInclude Include="CommunicationsImpExp.h">
      <Filter>Header Files</Filter>
    </ClInclude>
    <ClInclude Include="CounterData.h">
      <Filter>Header Files</Filter>
    </ClInclude>
    <ClInclude Include="Crc32.h">
      <Filter>Header Files</Filter>
    </ClInclude>
    <ClInclude Include="CriticalSection.h">
      <Filter>Header Files</Filter>
    </ClInclude>
    <ClInclude Include="DataTypesImpExp.h">
      <Filter>Header Files</Filter>
    </ClInclude>
    <ClInclude Include="DebugMacros.h">
      <Filter>Header Files</Filter>
    </ClInclude>
    <ClInclude Include="Device.h">
      <Filter>Header Files</Filter>
    </ClInclude>
    <ClInclude Include="Diagnostics.h">
      <Filter>Header Files</Filter>
    </ClInclude>
    <ClInclude Include="DigitalSignature.h">
      <Filter>Header Files</Filter>
    </ClInclude>
    <ClInclude Include="DlfcData.h">
      <Filter>Header Files</Filter>
    </ClInclude>
    <ClInclude Include="endianUtils.h">
      <Filter>Header Files</Filter>
    </ClInclude>
    <ClInclude Include="errorCodes.h">
      <Filter>Header Files</Filter>
    </ClInclude>
    <ClInclude Include="File.h">
      <Filter>Header Files</Filter>
    </ClInclude>
    <ClInclude Include="list.h">
      <Filter>Header Files</Filter>
    </ClInclude>
    <ClInclude Include="ListData.h">
      <Filter>Header Files</Filter>
    </ClInclude>
    <ClInclude Include="LockManager.h">
      <Filter>Header Files</Filter>
    </ClInclude>
    <ClInclude Include="McsData.h">
      <Filter>Header Files</Filter>
    </ClInclude>
    <ClInclude Include="MessageFactory.h">
      <Filter>Header Files</Filter>
    </ClInclude>
    <ClInclude Include="MessageHeader.h">
      <Filter>Header Files</Filter>
    </ClInclude>
    <ClInclude Include="MetaData.h">
      <Filter>Header Files</Filter>
    </ClInclude>
    <ClInclude Include="NetworkImpExp.h">
      <Filter>Header Files</Filter>
    </ClInclude>
    <ClInclude Include="Parameter.h">
      <Filter>Header Files</Filter>
    </ClInclude>
    <ClInclude Include="ParameterAttributes.h">
      <Filter>Header Files</Filter>
    </ClInclude>
    <ClInclude Include="ParameterCodes.h">
      <Filter>Header Files</Filter>
    </ClInclude>
    <ClInclude Include="ParameterMetaData.h">
      <Filter>Header Files</Filter>
    </ClInclude>
    <ClInclude Include="ParameterValueTypes.h">
      <Filter>Header Files</Filter>
    </ClInclude>
    <ClInclude Include="pbsmsgs_h.h">
      <Filter>Header Files</Filter>
    </ClInclude>
    <ClInclude Include="PhaData.h">
      <Filter>Header Files</Filter>
    </ClInclude>
    <ClInclude Include="platformTypes.h">
      <Filter>Header Files</Filter>
    </ClInclude>
    <ClInclude Include="PresetModes.h">
      <Filter>Header Files</Filter>
    </ClInclude>
    <ClInclude Include="RegionOfInterest.h">
      <Filter>Header Files</Filter>
    </ClInclude>
    <ClInclude Include="ScaData.h">
      <Filter>Header Files</Filter>
    </ClInclude>
    <ClInclude Include="Serializable.h">
      <Filter>Header Files</Filter>
    </ClInclude>
    <ClInclude Include="SerializableObject.h">
      <Filter>Header Files</Filter>
    </ClInclude>
    <ClInclude Include="SerializableObjectCodes.h">
      <Filter>Header Files</Filter>
    </ClInclude>
    <ClInclude Include="SerializableType.h">
      <Filter>Header Files</Filter>
    </ClInclude>
    <ClInclude Include="SerializationImpExp.h">
      <Filter>Header Files</Filter>
    </ClInclude>
    <ClInclude Include="Serializer.h">
      <Filter>Header Files</Filter>
    </ClInclude>
    <ClInclude Include="Socket.h">
      <Filter>Header Files</Filter>
    </ClInclude>
    <ClInclude Include="SpectralData.h">
      <Filter>Header Files</Filter>
    </ClInclude>
    <ClInclude Include="Spectrum.h">
      <Filter>Header Files</Filter>
    </ClInclude>
    <ClInclude Include="StateOfHealth.h">
      <Filter>Header Files</Filter>
    </ClInclude>
    <ClInclude Include="StatusBits.h">
      <Filter>Header Files</Filter>
    </ClInclude>
    <ClInclude Include="StreamChannel.h">
      <Filter>Header Files</Filter>
    </ClInclude>
    <ClInclude Include="SyncObject.h">
      <Filter>Header Files</Filter>
    </ClInclude>
    <ClInclude Include="Task.h">
      <Filter>Header Files</Filter>
    </ClInclude>
    <ClInclude Include="TcpClient.h">
      <Filter>Header Files</Filter>
    </ClInclude>
    <ClInclude Include="TcpSocket.h">
      <Filter>Header Files</Filter>
    </ClInclude>
    <ClInclude Include="UtilityDebug.h">
      <Filter>Header Files</Filter>
    </ClInclude>
    <ClInclude Include="UtilityImpExp.h">
      <Filter>Header Files</Filter>
    </ClInclude>
    <ClInclude Include="UtilityString.h">
      <Filter>Header Files</Filter>
    </ClInclude>
    <ClInclude Include="UtilityThread.h">
      <Filter>Header Files</Filter>
    </ClInclude>
    <ClInclude Include="UtilityTime.h">
      <Filter>Header Files</Filter>
    </ClInclude>
    <ClInclude Include="Variant.h">
      <Filter>Header Files</Filter>
    </ClInclude>
    <ClInclude Include="VariantArray.h">
      <Filter>Header Files</Filter>
    </ClInclude>
    <ClInclude Include="VariantSerializer.h">
      <Filter>Header Files</Filter>
    </ClInclude>
    <ClInclude Include="winerror.h">
      <Filter>Header Files</Filter>
    </ClInclude>
  </ItemGroup>
</Project>